
Microsoft Visual Studio Solution File, Format Version 12.00
# Visual Studio 15
Project("{FAE04EC0-301F-11D3-BF4B-00C04F79EFBC}") = "Assembly-CSharp", "Assembly-CSharp.csproj", "{86F2E3ED-9831-9D1C-0F4D-180B5F84AC44}"
EndProject
Project("{FAE04EC0-301F-11D3-BF4B-00C04F79EFBC}") = "Assembly-CSharp-Editor", "Assembly-CSharp-Editor.csproj", "{9AB3A233-E037-8A32-9923-EDE511BB8EB8}"
EndProject
Global
	GlobalSection(SolutionConfigurationPlatforms) = preSolution
		Debug|Any CPU = Debug|Any CPU
		Release|Any CPU = Release|Any CPU
	EndGlobalSection
	GlobalSection(ProjectConfigurationPlatforms) = postSolution
		{86F2E3ED-9831-9D1C-0F4D-180B5F84AC44}.Debug|Any CPU.ActiveCfg = Debug|Any CPU
		{86F2E3ED-9831-9D1C-0F4D-180B5F84AC44}.Debug|Any CPU.Build.0 = Debug|Any CPU
		{86F2E3ED-9831-9D1C-0F4D-180B5F84AC44}.Release|Any CPU.ActiveCfg = Release|Any CPU
		{86F2E3ED-9831-9D1C-0F4D-180B5F84AC44}.Release|Any CPU.Build.0 = Release|Any CPU
		{9AB3A233-E037-8A32-9923-EDE511BB8EB8}.Debug|Any CPU.ActiveCfg = Debug|Any CPU
		{9AB3A233-E037-8A32-9923-EDE511BB8EB8}.Debug|Any CPU.Build.0 = Debug|Any CPU
		{9AB3A233-E037-8A32-9923-EDE511BB8EB8}.Release|Any CPU.ActiveCfg = Release|Any CPU
		{9AB3A233-E037-8A32-9923-EDE511BB8EB8}.Release|Any CPU.Build.0 = Release|Any CPU
	EndGlobalSection
	GlobalSection(SolutionProperties) = preSolution
		HideSolutionNode = FALSE
	EndGlobalSection
EndGlobal
